
Microsoft Visual Studio Solution File, Format Version 12.00
# Visual Studio Version 16
VisualStudioVersion = 16.0.29609.76
MinimumVisualStudioVersion = 10.0.40219.1
Project("{FAE04EC0-301F-11D3-BF4B-00C04F79EFBC}") = "HelloWorld", "HelloWorld.csproj", "{B339CD1E-7CFF-4F1C-9FD0-73531A6A1D88}"
EndProject
Global
	GlobalSection(SolutionConfigurationPlatforms) = preSolution
		Debug|Any CPU = Debug|Any CPU
		Release|Any CPU = Release|Any CPU
	EndGlobalSection
	GlobalSection(ProjectConfigurationPlatforms) = postSolution
		{B339CD1E-7CFF-4F1C-9FD0-73531A6A1D88}.Debug|Any CPU.ActiveCfg = Debug|Any CPU
		{B339CD1E-7CFF-4F1C-9FD0-73531A6A1D88}.Debug|Any CPU.Build.0 = Debug|Any CPU
		{B339CD1E-7CFF-4F1C-9FD0-73531A6A1D88}.Release|Any CPU.ActiveCfg = Release|Any CPU
		{B339CD1E-7CFF-4F1C-9FD0-73531A6A1D88}.Release|Any CPU.Build.0 = Release|Any CPU
	EndGlobalSection
	GlobalSection(SolutionProperties) = preSolution
		HideSolutionNode = FALSE
	EndGlobalSection
	GlobalSection(ExtensibilityGlobals) = postSolution
		SolutionGuid = {64E7F28D-5FD1-434F-B402-DA7B172CEEF5}
	EndGlobalSection
EndGlobal
